{
  "name": "Egg",
  "lockfileVersion": 3,
  "requires": true,
  "packages": {
    "": {
      "dependencies": {
        "react-dropzone": "^20.1.2"
      }
    },
    "node_modules/attr-accept": {
      "version": "4.0.0",
      "resolved": "https://registry.npmjs.org/attr-accept/-/attr-accept-4.0.0.tgz",
      "integrity": "sha512-hmCnJClmeKNKlsBHgbM8yLZRiQZ4/20UXbLJb6OUT16eWcM5/xNZerr80a/zCYob768KIGq++aLrQNTuwPsIOQ==",
      "license": "MIT",
      "engines": {
        "node": ">= 22"
      }
    },
    "node_modules/file-selector": {
      "version": "5.0.1",
      "resolved": "https://registry.npmjs.org/file-selector/-/file-selector-5.0.1.tgz",
      "integrity": "sha512-v0g/PTeuQgvKCBrVRsfVudvwXlRHSWHEQkVgKawgCGHkEpKA1clp3Om5jvEVhz8G9W/mOYjJH9FhkH4C888PgQ==",
      "license": "MIT",
      "engines": {
        "node": ">= 22"
      }
    },
    "node_modules/react": {
      "version": "19.3.0",
      "resolved": "https://registry.npmjs.org/react/-/react-19.3.0.tgz",
      "integrity": "sha512-E8LUcbtBWt20bbl2YoHfx4ZDBdxVTfOKtCZn9cDSJ4l6/nuoApcpIBcj47t2wZoVX8g2ZHuMHbiShgCR1T5Sog==",
      "license": "MIT",
      "peer": true,
      "engines": {
        "node": ">=0.10.0"
      }
    },
    "node_modules/react-dropzone": {
      "version": "20.1.2",
      "resolved": "https://registry.npmjs.org/react-dropzone/-/react-dropzone-20.1.2.tgz",
      "integrity": "sha512-gj2m31ZmYOZjTuW6CDfx38/WW2JlbuQ/X2Il8cOwIWa7Znp7vQSPJFtRfDbAjusBuoXzAYktI+r2R6iKMaRTPw==",
      "license": "MIT",
      "dependencies": {
        "attr-accept": "^4.0.0",
        "file-selector": "^5.0.0"
      },
      "engines": {
        "node": ">= 22"
      },
      "peerDependencies": {
        "@types/react": "*",
        "react": ">= 18"
      },
      "peerDependenciesMeta": {
        "@types/react": {
          "optional": true
        }
      }
    }
  }
}
